
Microsoft Visual Studio Solution File, Format Version 12.00
# Visual Studio Express 15 for Windows Desktop
VisualStudioVersion = 15.0.27703.2047
MinimumVisualStudioVersion = 10.0.40219.1
Project("{FAE04EC0-301F-11D3-BF4B-00C04F79EFBC}") = "Evaluation2", "Evaluation2\Evaluation2.csproj", "{CC3016D5-3C4F-4A10-8400-13FA20A91DB8}"
EndProject
Global
	GlobalSection(SolutionConfigurationPlatforms) = preSolution
		Debug|Any CPU = Debug|Any CPU
		Release|Any CPU = Release|Any CPU
	EndGlobalSection
	GlobalSection(ProjectConfigurationPlatforms) = postSolution
		{CC3016D5-3C4F-4A10-8400-13FA20A91DB8}.Debug|Any CPU.ActiveCfg = Debug|Any CPU
		{CC3016D5-3C4F-4A10-8400-13FA20A91DB8}.Debug|Any CPU.Build.0 = Debug|Any CPU
		{CC3016D5-3C4F-4A10-8400-13FA20A91DB8}.Release|Any CPU.ActiveCfg = Release|Any CPU
		{CC3016D5-3C4F-4A10-8400-13FA20A91DB8}.Release|Any CPU.Build.0 = Release|Any CPU
	EndGlobalSection
	GlobalSection(SolutionProperties) = preSolution
		HideSolutionNode = FALSE
	EndGlobalSection
	GlobalSection(ExtensibilityGlobals) = postSolution
		SolutionGuid = {E3809A78-756F-4D09-A1FC-E31B3A8AA00B}
	EndGlobalSection
EndGlobal
