
Microsoft Visual Studio Solution File, Format Version 12.00
# Visual Studio Express 15 for Windows Desktop
VisualStudioVersion = 15.0.27703.2047
MinimumVisualStudioVersion = 10.0.40219.1
Project("{FAE04EC0-301F-11D3-BF4B-00C04F79EFBC}") = "StickyNotes", "StickyNotes\StickyNotes.csproj", "{ABA9A94E-DFFD-4CD7-8B95-238EEE88B5C7}"
EndProject
Project("{FAE04EC0-301F-11D3-BF4B-00C04F79EFBC}") = "sticky", "..\..\C-Sharp\sticky\sticky.csproj", "{F13FFBB7-BCCD-4CF0-BCC2-7EA14200BCBC}"
EndProject
Global
	GlobalSection(SolutionConfigurationPlatforms) = preSolution
		Debug|Any CPU = Debug|Any CPU
		Release|Any CPU = Release|Any CPU
	EndGlobalSection
	GlobalSection(ProjectConfigurationPlatforms) = postSolution
		{ABA9A94E-DFFD-4CD7-8B95-238EEE88B5C7}.Debug|Any CPU.ActiveCfg = Debug|Any CPU
		{ABA9A94E-DFFD-4CD7-8B95-238EEE88B5C7}.Debug|Any CPU.Build.0 = Debug|Any CPU
		{ABA9A94E-DFFD-4CD7-8B95-238EEE88B5C7}.Release|Any CPU.ActiveCfg = Release|Any CPU
		{ABA9A94E-DFFD-4CD7-8B95-238EEE88B5C7}.Release|Any CPU.Build.0 = Release|Any CPU
		{F13FFBB7-BCCD-4CF0-BCC2-7EA14200BCBC}.Debug|Any CPU.ActiveCfg = Debug|Any CPU
		{F13FFBB7-BCCD-4CF0-BCC2-7EA14200BCBC}.Debug|Any CPU.Build.0 = Debug|Any CPU
		{F13FFBB7-BCCD-4CF0-BCC2-7EA14200BCBC}.Release|Any CPU.ActiveCfg = Release|Any CPU
		{F13FFBB7-BCCD-4CF0-BCC2-7EA14200BCBC}.Release|Any CPU.Build.0 = Release|Any CPU
	EndGlobalSection
	GlobalSection(SolutionProperties) = preSolution
		HideSolutionNode = FALSE
	EndGlobalSection
	GlobalSection(ExtensibilityGlobals) = postSolution
		SolutionGuid = {FA9D8E69-F58C-4053-B783-F8666FFC4C15}
	EndGlobalSection
EndGlobal
