
Microsoft Visual Studio Solution File, Format Version 12.00
# Visual Studio Express 15 for Windows Desktop
VisualStudioVersion = 15.0.27703.2047
MinimumVisualStudioVersion = 10.0.40219.1
Project("{FAE04EC0-301F-11D3-BF4B-00C04F79EFBC}") = "Notifier", "Notifier\Notifier.csproj", "{0214928E-7F85-46B5-AF77-D95350D03EF6}"
EndProject
Global
	GlobalSection(SolutionConfigurationPlatforms) = preSolution
		Debug|Any CPU = Debug|Any CPU
		Release|Any CPU = Release|Any CPU
	EndGlobalSection
	GlobalSection(ProjectConfigurationPlatforms) = postSolution
		{0214928E-7F85-46B5-AF77-D95350D03EF6}.Debug|Any CPU.ActiveCfg = Debug|Any CPU
		{0214928E-7F85-46B5-AF77-D95350D03EF6}.Debug|Any CPU.Build.0 = Debug|Any CPU
		{0214928E-7F85-46B5-AF77-D95350D03EF6}.Release|Any CPU.ActiveCfg = Release|Any CPU
		{0214928E-7F85-46B5-AF77-D95350D03EF6}.Release|Any CPU.Build.0 = Release|Any CPU
	EndGlobalSection
	GlobalSection(SolutionProperties) = preSolution
		HideSolutionNode = FALSE
	EndGlobalSection
	GlobalSection(ExtensibilityGlobals) = postSolution
		SolutionGuid = {AC1CC25C-A62B-4B66-8384-38285807FD72}
	EndGlobalSection
EndGlobal
