
Microsoft Visual Studio Solution File, Format Version 12.00
# Visual Studio Express 15 for Windows Desktop
VisualStudioVersion = 15.0.27703.2047
MinimumVisualStudioVersion = 10.0.40219.1
Project("{FAE04EC0-301F-11D3-BF4B-00C04F79EFBC}") = "RippleButton", "RippleButton\RippleButton.csproj", "{A031351E-521D-45B6-BC53-FDFF46D62FB3}"
EndProject
Global
	GlobalSection(SolutionConfigurationPlatforms) = preSolution
		Debug|Any CPU = Debug|Any CPU
		Release|Any CPU = Release|Any CPU
	EndGlobalSection
	GlobalSection(ProjectConfigurationPlatforms) = postSolution
		{A031351E-521D-45B6-BC53-FDFF46D62FB3}.Debug|Any CPU.ActiveCfg = Debug|Any CPU
		{A031351E-521D-45B6-BC53-FDFF46D62FB3}.Debug|Any CPU.Build.0 = Debug|Any CPU
		{A031351E-521D-45B6-BC53-FDFF46D62FB3}.Release|Any CPU.ActiveCfg = Release|Any CPU
		{A031351E-521D-45B6-BC53-FDFF46D62FB3}.Release|Any CPU.Build.0 = Release|Any CPU
	EndGlobalSection
	GlobalSection(SolutionProperties) = preSolution
		HideSolutionNode = FALSE
	EndGlobalSection
	GlobalSection(ExtensibilityGlobals) = postSolution
		SolutionGuid = {37ACD1F6-251A-4798-AF79-2936F96A7D67}
	EndGlobalSection
EndGlobal
