
Microsoft Visual Studio Solution File, Format Version 12.00
# Visual Studio Express 15 for Windows Desktop
VisualStudioVersion = 15.0.27703.2047
MinimumVisualStudioVersion = 10.0.40219.1
Project("{FAE04EC0-301F-11D3-BF4B-00C04F79EFBC}") = "DataBinding", "DataBinding\DataBinding.csproj", "{91306BF6-CD1B-4572-9731-8AB3953BA99E}"
EndProject
Global
	GlobalSection(SolutionConfigurationPlatforms) = preSolution
		Debug|Any CPU = Debug|Any CPU
		Release|Any CPU = Release|Any CPU
	EndGlobalSection
	GlobalSection(ProjectConfigurationPlatforms) = postSolution
		{91306BF6-CD1B-4572-9731-8AB3953BA99E}.Debug|Any CPU.ActiveCfg = Debug|Any CPU
		{91306BF6-CD1B-4572-9731-8AB3953BA99E}.Debug|Any CPU.Build.0 = Debug|Any CPU
		{91306BF6-CD1B-4572-9731-8AB3953BA99E}.Release|Any CPU.ActiveCfg = Release|Any CPU
		{91306BF6-CD1B-4572-9731-8AB3953BA99E}.Release|Any CPU.Build.0 = Release|Any CPU
	EndGlobalSection
	GlobalSection(SolutionProperties) = preSolution
		HideSolutionNode = FALSE
	EndGlobalSection
	GlobalSection(ExtensibilityGlobals) = postSolution
		SolutionGuid = {4C8B2A16-36AE-4FEF-BAAA-17C0EEE65F85}
	EndGlobalSection
EndGlobal
